
Microsoft Visual Studio Solution File, Format Version 12.00
# Visual Studio 2012
Project("{8BC9CEB8-8B4A-11D0-8D11-00A0C91BC942}") = "RectanguLand.Graphics", "RectanguLand.Graphics\RectanguLand.Graphics.vcxproj", "{C10B2ECA-1DC2-47E1-AAF1-E01130C5906C}"
	ProjectSection(ProjectDependencies) = postProject
		{43A88AD3-2A4E-4175-BECC-8F8AA7CC3141} = {43A88AD3-2A4E-4175-BECC-8F8AA7CC3141}
	EndProjectSection
EndProject
Project("{8BC9CEB8-8B4A-11D0-8D11-00A0C91BC942}") = "RectanguLand.Common", "RectanguLand.Common\RectanguLand.Common.vcxproj", "{3F94F4C4-DAC0-4B56-B9BA-79FD5269C8B5}"
EndProject
Project("{8BC9CEB8-8B4A-11D0-8D11-00A0C91BC942}") = "RectanguLand", "RectanguLand\RectanguLand.vcxproj", "{A2205738-22ED-404A-9AD0-56E557F04B26}"
	ProjectSection(ProjectDependencies) = postProject
		{AD4E2B1C-56C3-42AF-8748-7D12B81B9B6A} = {AD4E2B1C-56C3-42AF-8748-7D12B81B9B6A}
		{DE051A4D-5EF3-45B0-83A9-680ED24FB360} = {DE051A4D-5EF3-45B0-83A9-680ED24FB360}
		{AB58A28E-4E48-4AA3-927A-CB76D1B8A2E1} = {AB58A28E-4E48-4AA3-927A-CB76D1B8A2E1}
		{C10B2ECA-1DC2-47E1-AAF1-E01130C5906C} = {C10B2ECA-1DC2-47E1-AAF1-E01130C5906C}
		{43A88AD3-2A4E-4175-BECC-8F8AA7CC3141} = {43A88AD3-2A4E-4175-BECC-8F8AA7CC3141}
		{65FD5CFB-939A-4E6B-AEF7-58704692DF33} = {65FD5CFB-939A-4E6B-AEF7-58704692DF33}
	EndProjectSection
EndProject
Project("{8BC9CEB8-8B4A-11D0-8D11-00A0C91BC942}") = "RectanguLand.Networking", "RectanguLand.Networking\RectanguLand.Networking.vcxproj", "{AD4E2B1C-56C3-42AF-8748-7D12B81B9B6A}"
	ProjectSection(ProjectDependencies) = postProject
		{43A88AD3-2A4E-4175-BECC-8F8AA7CC3141} = {43A88AD3-2A4E-4175-BECC-8F8AA7CC3141}
	EndProjectSection
EndProject
Project("{8BC9CEB8-8B4A-11D0-8D11-00A0C91BC942}") = "RectanguLand.Utils", "RectanguLand.Utils\RectanguLand.Utils.vcxproj", "{43A88AD3-2A4E-4175-BECC-8F8AA7CC3141}"
EndProject
Project("{8BC9CEB8-8B4A-11D0-8D11-00A0C91BC942}") = "RectanguLand.Content", "RectanguLand.Content\RectanguLand.Content.vcxproj", "{65FD5CFB-939A-4E6B-AEF7-58704692DF33}"
EndProject
Project("{8BC9CEB8-8B4A-11D0-8D11-00A0C91BC942}") = "RectanguLand.Tools.Shader", "RectanguLand.Tools.Shader\RectanguLand.Tools.Shader.vcxproj", "{6710526B-7419-4AE3-B32E-CFFA776FF275}"
EndProject
Project("{8BC9CEB8-8B4A-11D0-8D11-00A0C91BC942}") = "RectanguLand.IO", "RectanguLand.IO\RectanguLand.IO.vcxproj", "{DE051A4D-5EF3-45B0-83A9-680ED24FB360}"
EndProject
Project("{8BC9CEB8-8B4A-11D0-8D11-00A0C91BC942}") = "RectanguLand.Terrain", "RectanguLand.Terrain\RectanguLand.Terrain.vcxproj", "{AB58A28E-4E48-4AA3-927A-CB76D1B8A2E1}"
EndProject
Project("{8BC9CEB8-8B4A-11D0-8D11-00A0C91BC942}") = "RectanguLand.Tools.Font", "RectanguLand.Tools.Font\RectanguLand.Tools.Font.vcxproj", "{BF923095-0809-4290-9DF0-D95B98ED7196}"
EndProject
Project("{2150E333-8FDC-42A3-9474-1A3956D46DE8}") = "BuildTools", "BuildTools", "{ED886263-23EF-4E88-B239-7F7F817F854E}"
EndProject
Project("{2150E333-8FDC-42A3-9474-1A3956D46DE8}") = "Components", "Components", "{5FA0A781-8E9A-4A3D-B0BD-69D4C8B50CEE}"
EndProject
Project("{2150E333-8FDC-42A3-9474-1A3956D46DE8}") = "Tools", "Tools", "{1D164B37-A8EF-47AF-B6B8-3A625DB392B8}"
EndProject
Global
	GlobalSection(SolutionConfigurationPlatforms) = preSolution
		Debug|Any CPU = Debug|Any CPU
		Debug|Mixed Platforms = Debug|Mixed Platforms
		Debug|Win32 = Debug|Win32
		Release|Any CPU = Release|Any CPU
		Release|Mixed Platforms = Release|Mixed Platforms
		Release|Win32 = Release|Win32
	EndGlobalSection
	GlobalSection(ProjectConfigurationPlatforms) = postSolution
		{C10B2ECA-1DC2-47E1-AAF1-E01130C5906C}.Debug|Any CPU.ActiveCfg = Debug|Win32
		{C10B2ECA-1DC2-47E1-AAF1-E01130C5906C}.Debug|Mixed Platforms.ActiveCfg = Debug|Win32
		{C10B2ECA-1DC2-47E1-AAF1-E01130C5906C}.Debug|Mixed Platforms.Build.0 = Debug|Win32
		{C10B2ECA-1DC2-47E1-AAF1-E01130C5906C}.Debug|Mixed Platforms.Deploy.0 = Debug|Win32
		{C10B2ECA-1DC2-47E1-AAF1-E01130C5906C}.Debug|Win32.ActiveCfg = Debug|Win32
		{C10B2ECA-1DC2-47E1-AAF1-E01130C5906C}.Debug|Win32.Build.0 = Debug|Win32
		{C10B2ECA-1DC2-47E1-AAF1-E01130C5906C}.Release|Any CPU.ActiveCfg = Release|Win32
		{C10B2ECA-1DC2-47E1-AAF1-E01130C5906C}.Release|Mixed Platforms.ActiveCfg = Release|Win32
		{C10B2ECA-1DC2-47E1-AAF1-E01130C5906C}.Release|Mixed Platforms.Build.0 = Release|Win32
		{C10B2ECA-1DC2-47E1-AAF1-E01130C5906C}.Release|Mixed Platforms.Deploy.0 = Release|Win32
		{C10B2ECA-1DC2-47E1-AAF1-E01130C5906C}.Release|Win32.ActiveCfg = Release|Win32
		{C10B2ECA-1DC2-47E1-AAF1-E01130C5906C}.Release|Win32.Build.0 = Release|Win32
		{3F94F4C4-DAC0-4B56-B9BA-79FD5269C8B5}.Debug|Any CPU.ActiveCfg = Debug|Win32
		{3F94F4C4-DAC0-4B56-B9BA-79FD5269C8B5}.Debug|Mixed Platforms.ActiveCfg = Debug|Win32
		{3F94F4C4-DAC0-4B56-B9BA-79FD5269C8B5}.Debug|Mixed Platforms.Build.0 = Debug|Win32
		{3F94F4C4-DAC0-4B56-B9BA-79FD5269C8B5}.Debug|Mixed Platforms.Deploy.0 = Debug|Win32
		{3F94F4C4-DAC0-4B56-B9BA-79FD5269C8B5}.Debug|Win32.ActiveCfg = Debug|Win32
		{3F94F4C4-DAC0-4B56-B9BA-79FD5269C8B5}.Debug|Win32.Build.0 = Debug|Win32
		{3F94F4C4-DAC0-4B56-B9BA-79FD5269C8B5}.Release|Any CPU.ActiveCfg = Release|Win32
		{3F94F4C4-DAC0-4B56-B9BA-79FD5269C8B5}.Release|Mixed Platforms.ActiveCfg = Release|Win32
		{3F94F4C4-DAC0-4B56-B9BA-79FD5269C8B5}.Release|Mixed Platforms.Build.0 = Release|Win32
		{3F94F4C4-DAC0-4B56-B9BA-79FD5269C8B5}.Release|Mixed Platforms.Deploy.0 = Release|Win32
		{3F94F4C4-DAC0-4B56-B9BA-79FD5269C8B5}.Release|Win32.ActiveCfg = Release|Win32
		{3F94F4C4-DAC0-4B56-B9BA-79FD5269C8B5}.Release|Win32.Build.0 = Release|Win32
		{A2205738-22ED-404A-9AD0-56E557F04B26}.Debug|Any CPU.ActiveCfg = Debug|Win32
		{A2205738-22ED-404A-9AD0-56E557F04B26}.Debug|Mixed Platforms.ActiveCfg = Debug|Win32
		{A2205738-22ED-404A-9AD0-56E557F04B26}.Debug|Mixed Platforms.Build.0 = Debug|Win32
		{A2205738-22ED-404A-9AD0-56E557F04B26}.Debug|Mixed Platforms.Deploy.0 = Debug|Win32
		{A2205738-22ED-404A-9AD0-56E557F04B26}.Debug|Win32.ActiveCfg = Debug|Win32
		{A2205738-22ED-404A-9AD0-56E557F04B26}.Debug|Win32.Build.0 = Debug|Win32
		{A2205738-22ED-404A-9AD0-56E557F04B26}.Debug|Win32.Deploy.0 = Debug|Win32
		{A2205738-22ED-404A-9AD0-56E557F04B26}.Release|Any CPU.ActiveCfg = Release|Win32
		{A2205738-22ED-404A-9AD0-56E557F04B26}.Release|Mixed Platforms.ActiveCfg = Release|Win32
		{A2205738-22ED-404A-9AD0-56E557F04B26}.Release|Mixed Platforms.Build.0 = Release|Win32
		{A2205738-22ED-404A-9AD0-56E557F04B26}.Release|Mixed Platforms.Deploy.0 = Release|Win32
		{A2205738-22ED-404A-9AD0-56E557F04B26}.Release|Win32.ActiveCfg = Release|Win32
		{A2205738-22ED-404A-9AD0-56E557F04B26}.Release|Win32.Build.0 = Release|Win32
		{A2205738-22ED-404A-9AD0-56E557F04B26}.Release|Win32.Deploy.0 = Release|Win32
		{AD4E2B1C-56C3-42AF-8748-7D12B81B9B6A}.Debug|Any CPU.ActiveCfg = Debug|Win32
		{AD4E2B1C-56C3-42AF-8748-7D12B81B9B6A}.Debug|Mixed Platforms.ActiveCfg = Debug|Win32
		{AD4E2B1C-56C3-42AF-8748-7D12B81B9B6A}.Debug|Mixed Platforms.Build.0 = Debug|Win32
		{AD4E2B1C-56C3-42AF-8748-7D12B81B9B6A}.Debug|Mixed Platforms.Deploy.0 = Debug|Win32
		{AD4E2B1C-56C3-42AF-8748-7D12B81B9B6A}.Debug|Win32.ActiveCfg = Debug|Win32
		{AD4E2B1C-56C3-42AF-8748-7D12B81B9B6A}.Debug|Win32.Build.0 = Debug|Win32
		{AD4E2B1C-56C3-42AF-8748-7D12B81B9B6A}.Debug|Win32.Deploy.0 = Debug|Win32
		{AD4E2B1C-56C3-42AF-8748-7D12B81B9B6A}.Release|Any CPU.ActiveCfg = Release|Win32
		{AD4E2B1C-56C3-42AF-8748-7D12B81B9B6A}.Release|Mixed Platforms.ActiveCfg = Release|Win32
		{AD4E2B1C-56C3-42AF-8748-7D12B81B9B6A}.Release|Mixed Platforms.Build.0 = Release|Win32
		{AD4E2B1C-56C3-42AF-8748-7D12B81B9B6A}.Release|Mixed Platforms.Deploy.0 = Release|Win32
		{AD4E2B1C-56C3-42AF-8748-7D12B81B9B6A}.Release|Win32.ActiveCfg = Release|Win32
		{AD4E2B1C-56C3-42AF-8748-7D12B81B9B6A}.Release|Win32.Build.0 = Release|Win32
		{AD4E2B1C-56C3-42AF-8748-7D12B81B9B6A}.Release|Win32.Deploy.0 = Release|Win32
		{43A88AD3-2A4E-4175-BECC-8F8AA7CC3141}.Debug|Any CPU.ActiveCfg = Debug|Win32
		{43A88AD3-2A4E-4175-BECC-8F8AA7CC3141}.Debug|Mixed Platforms.ActiveCfg = Debug|Win32
		{43A88AD3-2A4E-4175-BECC-8F8AA7CC3141}.Debug|Mixed Platforms.Build.0 = Debug|Win32
		{43A88AD3-2A4E-4175-BECC-8F8AA7CC3141}.Debug|Mixed Platforms.Deploy.0 = Debug|Win32
		{43A88AD3-2A4E-4175-BECC-8F8AA7CC3141}.Debug|Win32.ActiveCfg = Debug|Win32
		{43A88AD3-2A4E-4175-BECC-8F8AA7CC3141}.Debug|Win32.Build.0 = Debug|Win32
		{43A88AD3-2A4E-4175-BECC-8F8AA7CC3141}.Debug|Win32.Deploy.0 = Debug|Win32
		{43A88AD3-2A4E-4175-BECC-8F8AA7CC3141}.Release|Any CPU.ActiveCfg = Release|Win32
		{43A88AD3-2A4E-4175-BECC-8F8AA7CC3141}.Release|Mixed Platforms.ActiveCfg = Release|Win32
		{43A88AD3-2A4E-4175-BECC-8F8AA7CC3141}.Release|Mixed Platforms.Build.0 = Release|Win32
		{43A88AD3-2A4E-4175-BECC-8F8AA7CC3141}.Release|Mixed Platforms.Deploy.0 = Release|Win32
		{43A88AD3-2A4E-4175-BECC-8F8AA7CC3141}.Release|Win32.ActiveCfg = Release|Win32
		{43A88AD3-2A4E-4175-BECC-8F8AA7CC3141}.Release|Win32.Build.0 = Release|Win32
		{43A88AD3-2A4E-4175-BECC-8F8AA7CC3141}.Release|Win32.Deploy.0 = Release|Win32
		{65FD5CFB-939A-4E6B-AEF7-58704692DF33}.Debug|Any CPU.ActiveCfg = Debug|Win32
		{65FD5CFB-939A-4E6B-AEF7-58704692DF33}.Debug|Mixed Platforms.ActiveCfg = Debug|Win32
		{65FD5CFB-939A-4E6B-AEF7-58704692DF33}.Debug|Mixed Platforms.Build.0 = Debug|Win32
		{65FD5CFB-939A-4E6B-AEF7-58704692DF33}.Debug|Mixed Platforms.Deploy.0 = Debug|Win32
		{65FD5CFB-939A-4E6B-AEF7-58704692DF33}.Debug|Win32.ActiveCfg = Debug|Win32
		{65FD5CFB-939A-4E6B-AEF7-58704692DF33}.Debug|Win32.Build.0 = Debug|Win32
		{65FD5CFB-939A-4E6B-AEF7-58704692DF33}.Debug|Win32.Deploy.0 = Debug|Win32
		{65FD5CFB-939A-4E6B-AEF7-58704692DF33}.Release|Any CPU.ActiveCfg = Release|Win32
		{65FD5CFB-939A-4E6B-AEF7-58704692DF33}.Release|Mixed Platforms.ActiveCfg = Release|Win32
		{65FD5CFB-939A-4E6B-AEF7-58704692DF33}.Release|Mixed Platforms.Build.0 = Release|Win32
		{65FD5CFB-939A-4E6B-AEF7-58704692DF33}.Release|Mixed Platforms.Deploy.0 = Release|Win32
		{65FD5CFB-939A-4E6B-AEF7-58704692DF33}.Release|Win32.ActiveCfg = Release|Win32
		{65FD5CFB-939A-4E6B-AEF7-58704692DF33}.Release|Win32.Build.0 = Release|Win32
		{65FD5CFB-939A-4E6B-AEF7-58704692DF33}.Release|Win32.Deploy.0 = Release|Win32
		{6710526B-7419-4AE3-B32E-CFFA776FF275}.Debug|Any CPU.ActiveCfg = Debug|Win32
		{6710526B-7419-4AE3-B32E-CFFA776FF275}.Debug|Mixed Platforms.ActiveCfg = Debug|Win32
		{6710526B-7419-4AE3-B32E-CFFA776FF275}.Debug|Mixed Platforms.Build.0 = Debug|Win32
		{6710526B-7419-4AE3-B32E-CFFA776FF275}.Debug|Mixed Platforms.Deploy.0 = Debug|Win32
		{6710526B-7419-4AE3-B32E-CFFA776FF275}.Debug|Win32.ActiveCfg = Debug|Win32
		{6710526B-7419-4AE3-B32E-CFFA776FF275}.Debug|Win32.Build.0 = Debug|Win32
		{6710526B-7419-4AE3-B32E-CFFA776FF275}.Debug|Win32.Deploy.0 = Debug|Win32
		{6710526B-7419-4AE3-B32E-CFFA776FF275}.Release|Any CPU.ActiveCfg = Release|Win32
		{6710526B-7419-4AE3-B32E-CFFA776FF275}.Release|Mixed Platforms.ActiveCfg = Release|Win32
		{6710526B-7419-4AE3-B32E-CFFA776FF275}.Release|Mixed Platforms.Build.0 = Release|Win32
		{6710526B-7419-4AE3-B32E-CFFA776FF275}.Release|Mixed Platforms.Deploy.0 = Release|Win32
		{6710526B-7419-4AE3-B32E-CFFA776FF275}.Release|Win32.ActiveCfg = Release|Win32
		{6710526B-7419-4AE3-B32E-CFFA776FF275}.Release|Win32.Build.0 = Release|Win32
		{6710526B-7419-4AE3-B32E-CFFA776FF275}.Release|Win32.Deploy.0 = Release|Win32
		{DE051A4D-5EF3-45B0-83A9-680ED24FB360}.Debug|Any CPU.ActiveCfg = Debug|Win32
		{DE051A4D-5EF3-45B0-83A9-680ED24FB360}.Debug|Mixed Platforms.ActiveCfg = Debug|Win32
		{DE051A4D-5EF3-45B0-83A9-680ED24FB360}.Debug|Mixed Platforms.Build.0 = Debug|Win32
		{DE051A4D-5EF3-45B0-83A9-680ED24FB360}.Debug|Mixed Platforms.Deploy.0 = Debug|Win32
		{DE051A4D-5EF3-45B0-83A9-680ED24FB360}.Debug|Win32.ActiveCfg = Debug|Win32
		{DE051A4D-5EF3-45B0-83A9-680ED24FB360}.Debug|Win32.Build.0 = Debug|Win32
		{DE051A4D-5EF3-45B0-83A9-680ED24FB360}.Debug|Win32.Deploy.0 = Debug|Win32
		{DE051A4D-5EF3-45B0-83A9-680ED24FB360}.Release|Any CPU.ActiveCfg = Release|Win32
		{DE051A4D-5EF3-45B0-83A9-680ED24FB360}.Release|Mixed Platforms.ActiveCfg = Release|Win32
		{DE051A4D-5EF3-45B0-83A9-680ED24FB360}.Release|Mixed Platforms.Build.0 = Release|Win32
		{DE051A4D-5EF3-45B0-83A9-680ED24FB360}.Release|Mixed Platforms.Deploy.0 = Release|Win32
		{DE051A4D-5EF3-45B0-83A9-680ED24FB360}.Release|Win32.ActiveCfg = Release|Win32
		{DE051A4D-5EF3-45B0-83A9-680ED24FB360}.Release|Win32.Build.0 = Release|Win32
		{DE051A4D-5EF3-45B0-83A9-680ED24FB360}.Release|Win32.Deploy.0 = Release|Win32
		{AB58A28E-4E48-4AA3-927A-CB76D1B8A2E1}.Debug|Any CPU.ActiveCfg = Debug|Win32
		{AB58A28E-4E48-4AA3-927A-CB76D1B8A2E1}.Debug|Mixed Platforms.ActiveCfg = Debug|Win32
		{AB58A28E-4E48-4AA3-927A-CB76D1B8A2E1}.Debug|Mixed Platforms.Build.0 = Debug|Win32
		{AB58A28E-4E48-4AA3-927A-CB76D1B8A2E1}.Debug|Mixed Platforms.Deploy.0 = Debug|Win32
		{AB58A28E-4E48-4AA3-927A-CB76D1B8A2E1}.Debug|Win32.ActiveCfg = Debug|Win32
		{AB58A28E-4E48-4AA3-927A-CB76D1B8A2E1}.Debug|Win32.Build.0 = Debug|Win32
		{AB58A28E-4E48-4AA3-927A-CB76D1B8A2E1}.Debug|Win32.Deploy.0 = Debug|Win32
		{AB58A28E-4E48-4AA3-927A-CB76D1B8A2E1}.Release|Any CPU.ActiveCfg = Release|Win32
		{AB58A28E-4E48-4AA3-927A-CB76D1B8A2E1}.Release|Mixed Platforms.ActiveCfg = Release|Win32
		{AB58A28E-4E48-4AA3-927A-CB76D1B8A2E1}.Release|Mixed Platforms.Build.0 = Release|Win32
		{AB58A28E-4E48-4AA3-927A-CB76D1B8A2E1}.Release|Mixed Platforms.Deploy.0 = Release|Win32
		{AB58A28E-4E48-4AA3-927A-CB76D1B8A2E1}.Release|Win32.ActiveCfg = Release|Win32
		{AB58A28E-4E48-4AA3-927A-CB76D1B8A2E1}.Release|Win32.Build.0 = Release|Win32
		{AB58A28E-4E48-4AA3-927A-CB76D1B8A2E1}.Release|Win32.Deploy.0 = Release|Win32
		{BF923095-0809-4290-9DF0-D95B98ED7196}.Debug|Any CPU.ActiveCfg = Debug|Win32
		{BF923095-0809-4290-9DF0-D95B98ED7196}.Debug|Mixed Platforms.ActiveCfg = Debug|Win32
		{BF923095-0809-4290-9DF0-D95B98ED7196}.Debug|Mixed Platforms.Build.0 = Debug|Win32
		{BF923095-0809-4290-9DF0-D95B98ED7196}.Debug|Mixed Platforms.Deploy.0 = Debug|Win32
		{BF923095-0809-4290-9DF0-D95B98ED7196}.Debug|Win32.ActiveCfg = Debug|Win32
		{BF923095-0809-4290-9DF0-D95B98ED7196}.Debug|Win32.Build.0 = Debug|Win32
		{BF923095-0809-4290-9DF0-D95B98ED7196}.Debug|Win32.Deploy.0 = Debug|Win32
		{BF923095-0809-4290-9DF0-D95B98ED7196}.Release|Any CPU.ActiveCfg = Release|Win32
		{BF923095-0809-4290-9DF0-D95B98ED7196}.Release|Mixed Platforms.ActiveCfg = Release|Win32
		{BF923095-0809-4290-9DF0-D95B98ED7196}.Release|Mixed Platforms.Build.0 = Release|Win32
		{BF923095-0809-4290-9DF0-D95B98ED7196}.Release|Mixed Platforms.Deploy.0 = Release|Win32
		{BF923095-0809-4290-9DF0-D95B98ED7196}.Release|Win32.ActiveCfg = Release|Win32
		{BF923095-0809-4290-9DF0-D95B98ED7196}.Release|Win32.Build.0 = Release|Win32
		{BF923095-0809-4290-9DF0-D95B98ED7196}.Release|Win32.Deploy.0 = Release|Win32
	EndGlobalSection
	GlobalSection(SolutionProperties) = preSolution
		HideSolutionNode = FALSE
	EndGlobalSection
	GlobalSection(NestedProjects) = preSolution
		{43A88AD3-2A4E-4175-BECC-8F8AA7CC3141} = {5FA0A781-8E9A-4A3D-B0BD-69D4C8B50CEE}
		{AB58A28E-4E48-4AA3-927A-CB76D1B8A2E1} = {5FA0A781-8E9A-4A3D-B0BD-69D4C8B50CEE}
		{AD4E2B1C-56C3-42AF-8748-7D12B81B9B6A} = {5FA0A781-8E9A-4A3D-B0BD-69D4C8B50CEE}
		{DE051A4D-5EF3-45B0-83A9-680ED24FB360} = {5FA0A781-8E9A-4A3D-B0BD-69D4C8B50CEE}
		{C10B2ECA-1DC2-47E1-AAF1-E01130C5906C} = {5FA0A781-8E9A-4A3D-B0BD-69D4C8B50CEE}
		{65FD5CFB-939A-4E6B-AEF7-58704692DF33} = {5FA0A781-8E9A-4A3D-B0BD-69D4C8B50CEE}
		{3F94F4C4-DAC0-4B56-B9BA-79FD5269C8B5} = {5FA0A781-8E9A-4A3D-B0BD-69D4C8B50CEE}
		{BF923095-0809-4290-9DF0-D95B98ED7196} = {1D164B37-A8EF-47AF-B6B8-3A625DB392B8}
		{6710526B-7419-4AE3-B32E-CFFA776FF275} = {1D164B37-A8EF-47AF-B6B8-3A625DB392B8}
	EndGlobalSection
EndGlobal
