<?xml version="1.0" encoding="utf-8"?>
<Project ToolsVersion="4.0" xmlns="http://schemas.microsoft.com/developer/msbuild/2003">
  <ItemGroup>
    <ClInclude Include="..\src\RectanguLand.Tools.Shader\StdAfx.h" />
    <ClInclude Include="..\src\RectanguLand.Tools.Shader\EditorWindow.h" />
    <ClInclude Include="..\src\RectanguLand.Tools.Shader\CodeEditor.h" />
    <ClInclude Include="..\src\RectanguLand.Tools.Shader\ShaderCompiler.h" />
    <ClInclude Include="..\src\RectanguLand.Tools.Shader\resource.h" />
  </ItemGroup>
  <ItemGroup>
    <ClCompile Include="..\src\RectanguLand.Tools.Shader\StdAfx.cpp" />
    <ClCompile Include="..\src\RectanguLand.Tools.Shader\Main.cpp" />
    <ClCompile Include="..\src\RectanguLand.Tools.Shader\EditorWindow.cpp" />
    <ClCompile Include="..\src\RectanguLand.Tools.Shader\CodeEditor.cpp" />
    <ClCompile Include="..\src\RectanguLand.Tools.Shader\ShaderCompiler.cpp" />
  </ItemGroup>
  <ItemGroup>
    <None Include="..\src\RectanguLand.Tools.Shader\WindowResources.aps" />
  </ItemGroup>
  <ItemGroup>
    <ResourceCompile Include="..\src\RectanguLand.Tools.Shader\WindowResources.rc" />
  </ItemGroup>
</Project>